
Microsoft Visual Studio Solution File, Format Version 12.00
# Visual Studio 15
VisualStudioVersion = 15.0.28307.1169
MinimumVisualStudioVersion = 10.0.40219.1
Project("{888888A0-9F3D-457C-B088-3A5042F75D52}") = "splitLabelImg_2048_512", "splitLabelImg_2048_512\splitLabelImg_2048_512.pyproj", "{733E57C2-941B-4514-B26A-58B9CFB92DDC}"
EndProject
Global
	GlobalSection(SolutionConfigurationPlatforms) = preSolution
		Debug|Any CPU = Debug|Any CPU
		Release|Any CPU = Release|Any CPU
	EndGlobalSection
	GlobalSection(ProjectConfigurationPlatforms) = postSolution
		{733E57C2-941B-4514-B26A-58B9CFB92DDC}.Debug|Any CPU.ActiveCfg = Debug|Any CPU
		{733E57C2-941B-4514-B26A-58B9CFB92DDC}.Release|Any CPU.ActiveCfg = Release|Any CPU
	EndGlobalSection
	GlobalSection(SolutionProperties) = preSolution
		HideSolutionNode = FALSE
	EndGlobalSection
	GlobalSection(ExtensibilityGlobals) = postSolution
		SolutionGuid = {FA08F692-D2D0-4EDA-8ADB-3BB6B3A5D4B3}
	EndGlobalSection
EndGlobal
